
Microsoft Visual Studio Solution File, Format Version 12.00
# Visual Studio Version 16
VisualStudioVersion = 16.0.33920.266
MinimumVisualStudioVersion = 10.0.40219.1
Project("{FAE04EC0-301F-11D3-BF4B-00C04F79EFBC}") = "28", "28.csproj", "{7AEF23D2-E6B9-4D70-AAB7-1A48D0FC7813}"
EndProject
Global
	GlobalSection(SolutionConfigurationPlatforms) = preSolution
		Debug|Any CPU = Debug|Any CPU
		Release|Any CPU = Release|Any CPU
	EndGlobalSection
	GlobalSection(ProjectConfigurationPlatforms) = postSolution
		{7AEF23D2-E6B9-4D70-AAB7-1A48D0FC7813}.Debug|Any CPU.ActiveCfg = Debug|Any CPU
		{7AEF23D2-E6B9-4D70-AAB7-1A48D0FC7813}.Debug|Any CPU.Build.0 = Debug|Any CPU
		{7AEF23D2-E6B9-4D70-AAB7-1A48D0FC7813}.Release|Any CPU.ActiveCfg = Release|Any CPU
		{7AEF23D2-E6B9-4D70-AAB7-1A48D0FC7813}.Release|Any CPU.Build.0 = Release|Any CPU
	EndGlobalSection
	GlobalSection(SolutionProperties) = preSolution
		HideSolutionNode = FALSE
	EndGlobalSection
	GlobalSection(ExtensibilityGlobals) = postSolution
		SolutionGuid = {D7F1A4F0-505B-4DB4-8C0A-912F04D3AAA1}
	EndGlobalSection
EndGlobal
