
Microsoft Visual Studio Solution File, Format Version 12.00
# Visual Studio Version 17
VisualStudioVersion = 17.7.34221.43
MinimumVisualStudioVersion = 10.0.40219.1
Project("{FAE04EC0-301F-11D3-BF4B-00C04F79EFBC}") = "Task_3", "Task_3.csproj", "{78356824-7E45-4413-A6EB-C02CF00BE590}"
EndProject
Global
	GlobalSection(SolutionConfigurationPlatforms) = preSolution
		Debug|Any CPU = Debug|Any CPU
		Release|Any CPU = Release|Any CPU
	EndGlobalSection
	GlobalSection(ProjectConfigurationPlatforms) = postSolution
		{78356824-7E45-4413-A6EB-C02CF00BE590}.Debug|Any CPU.ActiveCfg = Debug|Any CPU
		{78356824-7E45-4413-A6EB-C02CF00BE590}.Debug|Any CPU.Build.0 = Debug|Any CPU
		{78356824-7E45-4413-A6EB-C02CF00BE590}.Release|Any CPU.ActiveCfg = Release|Any CPU
		{78356824-7E45-4413-A6EB-C02CF00BE590}.Release|Any CPU.Build.0 = Release|Any CPU
	EndGlobalSection
	GlobalSection(SolutionProperties) = preSolution
		HideSolutionNode = FALSE
	EndGlobalSection
	GlobalSection(ExtensibilityGlobals) = postSolution
		SolutionGuid = {7846CA33-571E-41B6-A7F4-BA640DCCD819}
	EndGlobalSection
EndGlobal
