
Microsoft Visual Studio Solution File, Format Version 12.00
# Visual Studio Version 17
VisualStudioVersion = 17.9.34902.65
MinimumVisualStudioVersion = 10.0.40219.1
Project("{FAE04EC0-301F-11D3-BF4B-00C04F79EFBC}") = "Task_2", "Task_2.csproj", "{56DA4C13-7458-4AA1-9EB4-2BC83308A8BC}"
EndProject
Global
	GlobalSection(SolutionConfigurationPlatforms) = preSolution
		Debug|Any CPU = Debug|Any CPU
		Release|Any CPU = Release|Any CPU
	EndGlobalSection
	GlobalSection(ProjectConfigurationPlatforms) = postSolution
		{56DA4C13-7458-4AA1-9EB4-2BC83308A8BC}.Debug|Any CPU.ActiveCfg = Debug|Any CPU
		{56DA4C13-7458-4AA1-9EB4-2BC83308A8BC}.Debug|Any CPU.Build.0 = Debug|Any CPU
		{56DA4C13-7458-4AA1-9EB4-2BC83308A8BC}.Release|Any CPU.ActiveCfg = Release|Any CPU
		{56DA4C13-7458-4AA1-9EB4-2BC83308A8BC}.Release|Any CPU.Build.0 = Release|Any CPU
	EndGlobalSection
	GlobalSection(SolutionProperties) = preSolution
		HideSolutionNode = FALSE
	EndGlobalSection
	GlobalSection(ExtensibilityGlobals) = postSolution
		SolutionGuid = {ECF1574C-A025-4C5C-99CA-8BB3ED3D2C48}
	EndGlobalSection
EndGlobal
