
Microsoft Visual Studio Solution File, Format Version 12.00
# Visual Studio Version 17
VisualStudioVersion = 17.7.34221.43
MinimumVisualStudioVersion = 10.0.40219.1
Project("{FAE04EC0-301F-11D3-BF4B-00C04F79EFBC}") = "Task_1", "Task_1.csproj", "{7421BCE7-6670-4CDA-B7A6-71DEE5EAAA87}"
EndProject
Global
	GlobalSection(SolutionConfigurationPlatforms) = preSolution
		Debug|Any CPU = Debug|Any CPU
		Release|Any CPU = Release|Any CPU
	EndGlobalSection
	GlobalSection(ProjectConfigurationPlatforms) = postSolution
		{7421BCE7-6670-4CDA-B7A6-71DEE5EAAA87}.Debug|Any CPU.ActiveCfg = Debug|Any CPU
		{7421BCE7-6670-4CDA-B7A6-71DEE5EAAA87}.Debug|Any CPU.Build.0 = Debug|Any CPU
		{7421BCE7-6670-4CDA-B7A6-71DEE5EAAA87}.Release|Any CPU.ActiveCfg = Release|Any CPU
		{7421BCE7-6670-4CDA-B7A6-71DEE5EAAA87}.Release|Any CPU.Build.0 = Release|Any CPU
	EndGlobalSection
	GlobalSection(SolutionProperties) = preSolution
		HideSolutionNode = FALSE
	EndGlobalSection
	GlobalSection(ExtensibilityGlobals) = postSolution
		SolutionGuid = {1A093EB6-E73F-42E4-B22A-610548FCDAED}
	EndGlobalSection
EndGlobal
