
Microsoft Visual Studio Solution File, Format Version 12.00
# Visual Studio Version 16
VisualStudioVersion = 16.0.33920.266
MinimumVisualStudioVersion = 10.0.40219.1
Project("{FAE04EC0-301F-11D3-BF4B-00C04F79EFBC}") = "Task_1", "Task_1.csproj", "{CF276FFB-ECE2-406D-B747-0666784FAB6C}"
EndProject
Global
	GlobalSection(SolutionConfigurationPlatforms) = preSolution
		Debug|Any CPU = Debug|Any CPU
		Release|Any CPU = Release|Any CPU
	EndGlobalSection
	GlobalSection(ProjectConfigurationPlatforms) = postSolution
		{CF276FFB-ECE2-406D-B747-0666784FAB6C}.Debug|Any CPU.ActiveCfg = Debug|Any CPU
		{CF276FFB-ECE2-406D-B747-0666784FAB6C}.Debug|Any CPU.Build.0 = Debug|Any CPU
		{CF276FFB-ECE2-406D-B747-0666784FAB6C}.Release|Any CPU.ActiveCfg = Release|Any CPU
		{CF276FFB-ECE2-406D-B747-0666784FAB6C}.Release|Any CPU.Build.0 = Release|Any CPU
	EndGlobalSection
	GlobalSection(SolutionProperties) = preSolution
		HideSolutionNode = FALSE
	EndGlobalSection
	GlobalSection(ExtensibilityGlobals) = postSolution
		SolutionGuid = {1213F887-6CD7-4682-A3A6-FB38C9C7ECA2}
	EndGlobalSection
EndGlobal
